// !$*UTF8*$!
{
	archiveVersion = 1;
	classes = {
	};
	objectVersion = 50;
	objects = {

/* Begin PBXBuildFile section */
		A9E7878525E8F7C100B16F90 /* AppDelegate.swift in Sources */ = {isa = PBXBuildFile; fileRef = A9E7878425E8F7C100B16F90 /* AppDelegate.swift */; };
		A9E7878725E8F7C100B16F90 /* SceneDelegate.swift in Sources */ = {isa = PBXBuildFile; fileRef = A9E7878625E8F7C100B16F90 /* SceneDelegate.swift */; };
		A9E7878925E8F7C100B16F90 /* ViewController.swift in Sources */ = {isa = PBXBuildFile; fileRef = A9E7878825E8F7C100B16F90 /* ViewController.swift */; };
		A9E7878C25E8F7C100B16F90 /* Main.storyboard in Resources */ = {isa = PBXBuildFile; fileRef = A9E7878A25E8F7C100B16F90 /* Main.storyboard */; };
		A9E7878E25E8F7C200B16F90 /* Assets.xcassets in Resources */ = {isa = PBXBuildFile; fileRef = A9E7878D25E8F7C200B16F90 /* Assets.xcassets */; };
		A9E7879125E8F7C200B16F90 /* LaunchScreen.storyboard in Resources */ = {isa = PBXBuildFile; fileRef = A9E7878F25E8F7C200B16F90 /* LaunchScreen.storyboard */; };
/* End PBXBuildFile section */

/* Begin PBXFileReference section */
		A9E7878125E8F7C100B16F90 /* seven.seconds.app */ = {isa = PBXFileReference; explicitFileType = wrapper.application; includeInIndex = 0; path = seven.seconds.app; sourceTree = BUILT_PRODUCTS_DIR; };
		A9E7878425E8F7C100B16F90 /* AppDelegate.swift */ = {isa = PBXFileReference; lastKnownFileType = sourcecode.swift; path = AppDelegate.swift; sourceTree = "<group>"; };
		A9E7878625E8F7C100B16F90 /* SceneDelegate.swift */ = {isa = PBXFileReference; lastKnownFileType = sourcecode.swift; path = SceneDelegate.swift; sourceTree = "<group>"; };
		A9E7878825E8F7C100B16F90 /* ViewController.swift */ = {isa = PBXFileReference; lastKnownFileType = sourcecode.swift; path = ViewController.swift; sourceTree = "<group>"; };
		A9E7878B25E8F7C100B16F90 /* Base */ = {isa = PBXFileReference; lastKnownFileType = file.storyboard; name = Base; path = Base.lproj/Main.storyboard; sourceTree = "<group>"; };
		A9E7878D25E8F7C200B16F90 /* Assets.xcassets */ = {isa = PBXFileReference; lastKnownFileType = folder.assetcatalog; path = Assets.xcassets; sourceTree = "<group>"; };
		A9E7879025E8F7C200B16F90 /* Base */ = {isa = PBXFileReference; lastKnownFileType = file.storyboard; name = Base; path = Base.lproj/LaunchScreen.storyboard; sourceTree = "<group>"; };
		A9E7879225E8F7C200B16F90 /* Info.plist */ = {isa = PBXFileReference; lastKnownFileType = text.plist.xml; path = Info.plist; sourceTree = "<group>"; };
/* End PBXFileReference section */

/* Begin PBXFrameworksBuildPhase section */
		A9E7877E25E8F7C100B16F90 /* Frameworks */ = {
			isa = PBXFrameworksBuildPhase;
			buildActionMask = 2147483647;
			files = (
			);
			runOnlyForDeploymentPostprocessing = 0;
		};
/* End PBXFrameworksBuildPhase section */

/* Begin PBXGroup section */
		A9E7877825E8F7C100B16F90 = {
			isa = PBXGroup;
			children = (
				A9E7878325E8F7C100B16F90 /* seven.seconds */,
				A9E7878225E8F7C100B16F90 /* Products */,
			);
			sourceTree = "<group>";
		};
		A9E7878225E8F7C100B16F90 /* Products */ = {
			isa = PBXGroup;
			children = (
				A9E7878125E8F7C100B16F90 /* seven.seconds.app */,
			);
			name = Products;
			sourceTree = "<group>";
		};
		A9E7878325E8F7C100B16F90 /* seven.seconds */ = {
			isa = PBXGroup;
			children = (
				A9E7878425E8F7C100B16F90 /* AppDelegate.swift */,
				A9E7878625E8F7C100B16F90 /* SceneDelegate.swift */,
				A9E7878825E8F7C100B16F90 /* ViewController.swift */,
				A9E7878A25E8F7C100B16F90 /* Main.storyboard */,
				A9E7878D25E8F7C200B16F90 /* Assets.xcassets */,
				A9E7878F25E8F7C200B16F90 /* LaunchScreen.storyboard */,
				A9E7879225E8F7C200B16F90 /* Info.plist */,
			);
			path = seven.seconds;
			sourceTree = "<group>";
		};
/* End PBXGroup section */

/* Begin PBXNativeTarget section */
		A9E7878025E8F7C100B16F90 /* seven.seconds */ = {
			isa = PBXNativeTarget;
			buildConfigurationList = A9E7879525E8F7C200B16F90 /* Build configuration list for PBXNativeTarget "seven.seconds" */;
			buildPhases = (
				A9E7877D25E8F7C100B16F90 /* Sources */,
				A9E7877E25E8F7C100B16F90 /* Frameworks */,
				A9E7877F25E8F7C100B16F90 /* Resources */,
			);
			buildRules = (
			);
			dependencies = (
			);
			name = seven.seconds;
			productName = seven.seconds;
			productReference = A9E7878125E8F7C100B16F90 /* seven.seconds.app */;
			productType = "com.apple.product-type.application";
		};
/* End PBXNativeTarget section */

/* Begin PBXProject section */
		A9E7877925E8F7C100B16F90 /* Project object */ = {
			isa = PBXProject;
			attributes = {
				LastSwiftUpdateCheck = 1240;
				LastUpgradeCheck = 1240;
				TargetAttributes = {
					A9E7878025E8F7C100B16F90 = {
						CreatedOnToolsVersion = 12.4;
					};
				};
			};
			buildConfigurationList = A9E7877C25E8F7C100B16F90 /* Build configuration list for PBXProject "seven.seconds" */;
			compatibilityVersion = "Xcode 9.3";
			developmentRegion = en;
			hasScannedForEncodings = 0;
			knownRegions = (
				en,
				Base,
			);
			mainGroup = A9E7877825E8F7C100B16F90;
			productRefGroup = A9E7878225E8F7C100B16F90 /* Products */;
			projectDirPath = "";
			projectRoot = "";
			targets = (
				A9E7878025E8F7C100B16F90 /* seven.seconds */,
			);
		};
/* End PBXProject section */

/* Begin PBXResourcesBuildPhase section */
		A9E7877F25E8F7C100B16F90 /* Resources */ = {
			isa = PBXResourcesBuildPhase;
			buildActionMask = 2147483647;
			files = (
				A9E7879125E8F7C200B16F90 /* LaunchScreen.storyboard in Resources */,
				A9E7878E25E8F7C200B16F90 /* Assets.xcassets in Resources */,
				A9E7878C25E8F7C100B16F90 /* Main.storyboard in Resources */,
			);
			runOnlyForDeploymentPostprocessing = 0;
		};
/* End PBXResourcesBuildPhase section */

/* Begin PBXSourcesBuildPhase section */
		A9E7877D25E8F7C100B16F90 /* Sources */ = {
			isa = PBXSourcesBuildPhase;
			buildActionMask = 2147483647;
			files = (
				A9E7878925E8F7C100B16F90 /* ViewController.swift in Sources */,
				A9E7878525E8F7C100B16F90 /* AppDelegate.swift in Sources */,
				A9E7878725E8F7C100B16F90 /* SceneDelegate.swift in Sources */,
			);
			runOnlyForDeploymentPostprocessing = 0;
		};
/* End PBXSourcesBuildPhase section */

/* Begin PBXVariantGroup section */
		A9E7878A25E8F7C100B16F90 /* Main.storyboard */ = {
			isa = PBXVariantGroup;
			children = (
				A9E7878B25E8F7C100B16F90 /* Base */,
			);
			name = Main.storyboard;
			sourceTree = "<group>";
		};
		A9E7878F25E8F7C200B16F90 /* LaunchScreen.storyboard */ = {
			isa = PBXVariantGroup;
			children = (
				A9E7879025E8F7C200B16F90 /* Base */,
			);
			name = LaunchScreen.storyboard;
			sourceTree = "<group>";
		};
/* End PBXVariantGroup section */

/* Begin XCBuildConfiguration section */
		A9E7879325E8F7C200B16F90 /* Debug */ = {
			isa = XCBuildConfiguration;
			buildSettings = {
				ALWAYS_SEARCH_USER_PATHS = NO;
				CLANG_ANALYZER_NONNULL = YES;
				CLANG_ANALYZER_NUMBER_OBJECT_CONVERSION = YES_AGGRESSIVE;
				CLANG_CXX_LANGUAGE_STANDARD = "gnu++14";
				CLANG_CXX_LIBRARY = "libc++";
				CLANG_ENABLE_MODULES = YES;
				CLANG_ENABLE_OBJC_ARC = YES;
				CLANG_ENABLE_OBJC_WEAK = YES;
				CLANG_WARN_BLOCK_CAPTURE_AUTORELEASING = YES;
				CLANG_WARN_BOOL_CONVERSION = YES;
				CLANG_WARN_COMMA = YES;
				CLANG_WARN_CONSTANT_CONVERSION = YES;
				CLANG_WARN_DEPRECATED_OBJC_IMPLEMENTATIONS = YES;
				CLANG_WARN_DIRECT_OBJC_ISA_USAGE = YES_ERROR;
				CLANG_WARN_DOCUMENTATION_COMMENTS = YES;
				CLANG_WARN_EMPTY_BODY = YES;
				CLANG_WARN_ENUM_CONVERSION = YES;
				CLANG_WARN_INFINITE_RECURSION = YES;
				CLANG_WARN_INT_CONVERSION = YES;
				CLANG_WARN_NON_LITERAL_NULL_CONVERSION = YES;
				CLANG_WARN_OBJC_IMPLICIT_RETAIN_SELF = YES;
				CLANG_WARN_OBJC_LITERAL_CONVERSION = YES;
				CLANG_WARN_OBJC_ROOT_CLASS = YES_ERROR;
				CLANG_WARN_QUOTED_INCLUDE_IN_FRAMEWORK_HEADER = YES;
				CLANG_WARN_RANGE_LOOP_ANALYSIS = YES;
				CLANG_WARN_STRICT_PROTOTYPES = YES;
				CLANG_WARN_SUSPICIOUS_MOVE = YES;
				CLANG_WARN_UNGUARDED_AVAILABILITY = YES_AGGRESSIVE;
				CLANG_WARN_UNREACHABLE_CODE = YES;
				CLANG_WARN__DUPLICATE_METHOD_MATCH = YES;
				COPY_PHASE_STRIP = NO;
				DEBUG_INFORMATION_FORMAT = dwarf;
				ENABLE_STRICT_OBJC_MSGSEND = YES;
				ENABLE_TESTABILITY = YES;
				GCC_C_LANGUAGE_STANDARD = gnu11;
				GCC_DYNAMIC_NO_PIC = NO;
				GCC_NO_COMMON_BLOCKS = YES;
				GCC_OPTIMIZATION_LEVEL = 0;
				GCC_PREPROCESSOR_DEFINITIONS = (
					"DEBUG=1",
					"$(inherited)",
				);
				GCC_WARN_64_TO_32_BIT_CONVERSION = YES;
				GCC_WARN_ABOUT_RETURN_TYPE = YES_ERROR;
				GCC_WARN_UNDECLARED_SELECTOR = YES;
				GCC_WARN_UNINITIALIZED_AUTOS = YES_AGGRESSIVE;
				GCC_WARN_UNUSED_FUNCTION = YES;
				GCC_WARN_UNUSED_VARIABLE = YES;
				IPHONEOS_DEPLOYMENT_TARGET = 14.4;
				MTL_ENABLE_DEBUG_INFO = INCLUDE_SOURCE;
				MTL_FAST_MATH = YES;
				ONLY_ACTIVE_ARCH = YES;
				SDKROOT = iphoneos;
				SWIFT_ACTIVE_COMPILATION_CONDITIONS = DEBUG;
				SWIFT_OPTIMIZATION_LEVEL = "-Onone";
			};
			name = Debug;
		};
		A9E7879425E8F7C200B16F90 /* Release */ = {
			isa = XCBuildConfiguration;
			buildSettings = {
				ALWAYS_SEARCH_USER_PATHS = NO;
				CLANG_ANALYZER_NONNULL = YES;
				CLANG_ANALYZER_NUMBER_OBJECT_CONVERSION = YES_AGGRESSIVE;
				CLANG_CXX_LANGUAGE_STANDARD = "gnu++14";
				CLANG_CXX_LIBRARY = "libc++";
				CLANG_ENABLE_MODULES = YES;
				CLANG_ENABLE_OBJC_ARC = YES;
				CLANG_ENABLE_OBJC_WEAK = YES;
				CLANG_WARN_BLOCK_CAPTURE_AUTORELEASING = YES;
				CLANG_WARN_BOOL_CONVERSION = YES;
				CLANG_WARN_COMMA = YES;
				CLANG_WARN_CONSTANT_CONVERSION = YES;
				CLANG_WARN_DEPRECATED_OBJC_IMPLEMENTATIONS = YES;
				CLANG_WARN_DIRECT_OBJC_ISA_USAGE = YES_ERROR;
				CLANG_WARN_DOCUMENTATION_COMMENTS = YES;
				CLANG_WARN_EMPTY_BODY = YES;
				CLANG_WARN_ENUM_CONVERSION = YES;
				CLANG_WARN_INFINITE_RECURSION = YES;
				CLANG_WARN_INT_CONVERSION = YES;
				CLANG_WARN_NON_LITERAL_NULL_CONVERSION = YES;
				CLANG_WARN_OBJC_IMPLICIT_RETAIN_SELF = YES;
				CLANG_WARN_OBJC_LITERAL_CONVERSION = YES;
				CLANG_WARN_OBJC_ROOT_CLASS = YES_ERROR;
				CLANG_WARN_QUOTED_INCLUDE_IN_FRAMEWORK_HEADER = YES;
				CLANG_WARN_RANGE_LOOP_ANALYSIS = YES;
				CLANG_WARN_STRICT_PROTOTYPES = YES;
				CLANG_WARN_SUSPICIOUS_MOVE = YES;
				CLANG_WARN_UNGUARDED_AVAILABILITY = YES_AGGRESSIVE;
				CLANG_WARN_UNREACHABLE_CODE = YES;
				CLANG_WARN__DUPLICATE_METHOD_MATCH = YES;
				COPY_PHASE_STRIP = NO;
				DEBUG_INFORMATION_FORMAT = "dwarf-with-dsym";
				ENABLE_NS_ASSERTIONS = NO;
				ENABLE_STRICT_OBJC_MSGSEND = YES;
				GCC_C_LANGUAGE_STANDARD = gnu11;
				GCC_NO_COMMON_BLOCKS = YES;
				GCC_WARN_64_TO_32_BIT_CONVERSION = YES;
				GCC_WARN_ABOUT_RETURN_TYPE = YES_ERROR;
				GCC_WARN_UNDECLARED_SELECTOR = YES;
				GCC_WARN_UNINITIALIZED_AUTOS = YES_AGGRESSIVE;
				GCC_WARN_UNUSED_FUNCTION = YES;
				GCC_WARN_UNUSED_VARIABLE = YES;
				IPHONEOS_DEPLOYMENT_TARGET = 14.4;
				MTL_ENABLE_DEBUG_INFO = NO;
				MTL_FAST_MATH = YES;
				SDKROOT = iphoneos;
				SWIFT_COMPILATION_MODE = wholemodule;
				SWIFT_OPTIMIZATION_LEVEL = "-O";
				VALIDATE_PRODUCT = YES;
			};
			name = Release;
		};
		A9E7879625E8F7C200B16F90 /* Debug */ = {
			isa = XCBuildConfiguration;
			buildSettings = {
				ASSETCATALOG_COMPILER_APPICON_NAME = AppIcon;
				ASSETCATALOG_COMPILER_GLOBAL_ACCENT_COLOR_NAME = AccentColor;
				CODE_SIGN_STYLE = Automatic;
				DEVELOPMENT_TEAM = HATGG99SD3;
				INFOPLIST_FILE = seven.seconds/Info.plist;
				LD_RUNPATH_SEARCH_PATHS = (
					"$(inherited)",
					"@executable_path/Frameworks",
				);
				PRODUCT_BUNDLE_IDENTIFIER = "com.imawo.seven-seconds";
				PRODUCT_NAME = "$(TARGET_NAME)";
				SWIFT_VERSION = 5.0;
				TARGETED_DEVICE_FAMILY = "1,2";
			};
			name = Debug;
		};
		A9E7879725E8F7C200B16F90 /* Release */ = {
			isa = XCBuildConfiguration;
			buildSettings = {
				ASSETCATALOG_COMPILER_APPICON_NAME = AppIcon;
				ASSETCATALOG_COMPILER_GLOBAL_ACCENT_COLOR_NAME = AccentColor;
				CODE_SIGN_STYLE = Automatic;
				DEVELOPMENT_TEAM = HATGG99SD3;
				INFOPLIST_FILE = seven.seconds/Info.plist;
				LD_RUNPATH_SEARCH_PATHS = (
					"$(inherited)",
					"@executable_path/Frameworks",
				);
				PRODUCT_BUNDLE_IDENTIFIER = "com.imawo.seven-seconds";
				PRODUCT_NAME = "$(TARGET_NAME)";
				SWIFT_VERSION = 5.0;
				TARGETED_DEVICE_FAMILY = "1,2";
			};
			name = Release;
		};
/* End XCBuildConfiguration section */

/* Begin XCConfigurationList section */
		A9E7877C25E8F7C100B16F90 /* Build configuration list for PBXProject "seven.seconds" */ = {
			isa = XCConfigurationList;
			buildConfigurations = (
				A9E7879325E8F7C200B16F90 /* Debug */,
				A9E7879425E8F7C200B16F90 /* Release */,
			);
			defaultConfigurationIsVisible = 0;
			defaultConfigurationName = Release;
		};
		A9E7879525E8F7C200B16F90 /* Build configuration list for PBXNativeTarget "seven.seconds" */ = {
			isa = XCConfigurationList;
			buildConfigurations = (
				A9E7879625E8F7C200B16F90 /* Debug */,
				A9E7879725E8F7C200B16F90 /* Release */,
			);
			defaultConfigurationIsVisible = 0;
			defaultConfigurationName = Release;
		};
/* End XCConfigurationList section */
	};
	rootObject = A9E7877925E8F7C100B16F90 /* Project object */;
}
